
Microsoft Visual Studio Solution File, Format Version 12.00
# Visual Studio Version 17
VisualStudioVersion = 17.5.33103.201
MinimumVisualStudioVersion = 10.0.40219.1
Project("{FAE04EC0-301F-11D3-BF4B-00C04F79EFBC}") = "SerilogDemo", "SerilogDemo.csproj", "{BFB75B64-CF4D-4DA2-9D6F-8D86C4319880}"
EndProject
Global
	GlobalSection(SolutionConfigurationPlatforms) = preSolution
		Debug|Any CPU = Debug|Any CPU
		Release|Any CPU = Release|Any CPU
	EndGlobalSection
	GlobalSection(ProjectConfigurationPlatforms) = postSolution
		{BFB75B64-CF4D-4DA2-9D6F-8D86C4319880}.Debug|Any CPU.ActiveCfg = Debug|Any CPU
		{BFB75B64-CF4D-4DA2-9D6F-8D86C4319880}.Debug|Any CPU.Build.0 = Debug|Any CPU
		{BFB75B64-CF4D-4DA2-9D6F-8D86C4319880}.Release|Any CPU.ActiveCfg = Release|Any CPU
		{BFB75B64-CF4D-4DA2-9D6F-8D86C4319880}.Release|Any CPU.Build.0 = Release|Any CPU
	EndGlobalSection
	GlobalSection(SolutionProperties) = preSolution
		HideSolutionNode = FALSE
	EndGlobalSection
	GlobalSection(ExtensibilityGlobals) = postSolution
		SolutionGuid = {1BE41EFA-2BF6-4D33-86DA-B7DD7F5F44A7}
	EndGlobalSection
EndGlobal
