
Microsoft Visual Studio Solution File, Format Version 12.00
# Visual Studio Version 17
VisualStudioVersion = 17.5.33103.201
MinimumVisualStudioVersion = 10.0.40219.1
Project("{FAE04EC0-301F-11D3-BF4B-00C04F79EFBC}") = "CodeFirstWithEfCore", "CodeFirstWithEfCore.csproj", "{1F487167-4AA7-4C69-8BCA-7A9B2D3E3D10}"
EndProject
Global
	GlobalSection(SolutionConfigurationPlatforms) = preSolution
		Debug|Any CPU = Debug|Any CPU
		Release|Any CPU = Release|Any CPU
	EndGlobalSection
	GlobalSection(ProjectConfigurationPlatforms) = postSolution
		{1F487167-4AA7-4C69-8BCA-7A9B2D3E3D10}.Debug|Any CPU.ActiveCfg = Debug|Any CPU
		{1F487167-4AA7-4C69-8BCA-7A9B2D3E3D10}.Debug|Any CPU.Build.0 = Debug|Any CPU
		{1F487167-4AA7-4C69-8BCA-7A9B2D3E3D10}.Release|Any CPU.ActiveCfg = Release|Any CPU
		{1F487167-4AA7-4C69-8BCA-7A9B2D3E3D10}.Release|Any CPU.Build.0 = Release|Any CPU
	EndGlobalSection
	GlobalSection(SolutionProperties) = preSolution
		HideSolutionNode = FALSE
	EndGlobalSection
	GlobalSection(ExtensibilityGlobals) = postSolution
		SolutionGuid = {8B5C10DC-4EBB-4BB1-807B-D38484650D0B}
	EndGlobalSection
EndGlobal
